
Microsoft Visual Studio Solution File, Format Version 12.00
# Visual Studio Version 17
VisualStudioVersion = 17.14.36623.8 d17.14
MinimumVisualStudioVersion = 10.0.40219.1
Project("{FAE04EC0-301F-11D3-BF4B-00C04F79EFBC}") = "Rotator-Interface", "Rotator-Interface.csproj", "{88CCA9CF-BC70-4333-9B8B-BD725549E326}"
EndProject
Global
	GlobalSection(SolutionConfigurationPlatforms) = preSolution
		Debug|Any CPU = Debug|Any CPU
		Release|Any CPU = Release|Any CPU
	EndGlobalSection
	GlobalSection(ProjectConfigurationPlatforms) = postSolution
		{88CCA9CF-BC70-4333-9B8B-BD725549E326}.Debug|Any CPU.ActiveCfg = Debug|Any CPU
		{88CCA9CF-BC70-4333-9B8B-BD725549E326}.Debug|Any CPU.Build.0 = Debug|Any CPU
		{88CCA9CF-BC70-4333-9B8B-BD725549E326}.Release|Any CPU.ActiveCfg = Release|Any CPU
		{88CCA9CF-BC70-4333-9B8B-BD725549E326}.Release|Any CPU.Build.0 = Release|Any CPU
	EndGlobalSection
	GlobalSection(SolutionProperties) = preSolution
		HideSolutionNode = FALSE
	EndGlobalSection
	GlobalSection(ExtensibilityGlobals) = postSolution
		SolutionGuid = {42AB6AED-338B-41D5-8D21-35267BEA6C03}
	EndGlobalSection
EndGlobal
